
Microsoft Visual Studio Solution File, Format Version 12.00
# Visual Studio Version 17
VisualStudioVersion = 17.5.2.0
MinimumVisualStudioVersion = 10.0.40219.1
Project("{FAE04EC0-301F-11D3-BF4B-00C04F79EFBC}") = "dotnet_postgresql", "dotnet_postgresql.csproj", "{1E7CB755-154A-45BD-4B30-C030123AA28B}"
EndProject
Global
	GlobalSection(SolutionConfigurationPlatforms) = preSolution
		Debug|Any CPU = Debug|Any CPU
		Debug|x64 = Debug|x64
		Debug|x86 = Debug|x86
		Release|Any CPU = Release|Any CPU
		Release|x64 = Release|x64
		Release|x86 = Release|x86
	EndGlobalSection
	GlobalSection(ProjectConfigurationPlatforms) = postSolution
		{1E7CB755-154A-45BD-4B30-C030123AA28B}.Debug|Any CPU.ActiveCfg = Debug|Any CPU
		{1E7CB755-154A-45BD-4B30-C030123AA28B}.Debug|Any CPU.Build.0 = Debug|Any CPU
		{1E7CB755-154A-45BD-4B30-C030123AA28B}.Debug|x64.ActiveCfg = Debug|Any CPU
		{1E7CB755-154A-45BD-4B30-C030123AA28B}.Debug|x64.Build.0 = Debug|Any CPU
		{1E7CB755-154A-45BD-4B30-C030123AA28B}.Debug|x86.ActiveCfg = Debug|Any CPU
		{1E7CB755-154A-45BD-4B30-C030123AA28B}.Debug|x86.Build.0 = Debug|Any CPU
		{1E7CB755-154A-45BD-4B30-C030123AA28B}.Release|Any CPU.ActiveCfg = Release|Any CPU
		{1E7CB755-154A-45BD-4B30-C030123AA28B}.Release|Any CPU.Build.0 = Release|Any CPU
		{1E7CB755-154A-45BD-4B30-C030123AA28B}.Release|x64.ActiveCfg = Release|Any CPU
		{1E7CB755-154A-45BD-4B30-C030123AA28B}.Release|x64.Build.0 = Release|Any CPU
		{1E7CB755-154A-45BD-4B30-C030123AA28B}.Release|x86.ActiveCfg = Release|Any CPU
		{1E7CB755-154A-45BD-4B30-C030123AA28B}.Release|x86.Build.0 = Release|Any CPU
		{893A99F4-A00E-4D02-9FA0-DD6E16944D56}.Debug|Any CPU.ActiveCfg = Debug|Any CPU
		{893A99F4-A00E-4D02-9FA0-DD6E16944D56}.Debug|Any CPU.Build.0 = Debug|Any CPU
		{893A99F4-A00E-4D02-9FA0-DD6E16944D56}.Debug|x64.ActiveCfg = Debug|Any CPU
		{893A99F4-A00E-4D02-9FA0-DD6E16944D56}.Debug|x64.Build.0 = Debug|Any CPU
		{893A99F4-A00E-4D02-9FA0-DD6E16944D56}.Debug|x86.ActiveCfg = Debug|Any CPU
		{893A99F4-A00E-4D02-9FA0-DD6E16944D56}.Debug|x86.Build.0 = Debug|Any CPU
		{893A99F4-A00E-4D02-9FA0-DD6E16944D56}.Release|Any CPU.ActiveCfg = Release|Any CPU
		{893A99F4-A00E-4D02-9FA0-DD6E16944D56}.Release|Any CPU.Build.0 = Release|Any CPU
		{893A99F4-A00E-4D02-9FA0-DD6E16944D56}.Release|x64.ActiveCfg = Release|Any CPU
		{893A99F4-A00E-4D02-9FA0-DD6E16944D56}.Release|x64.Build.0 = Release|Any CPU
		{893A99F4-A00E-4D02-9FA0-DD6E16944D56}.Release|x86.ActiveCfg = Release|Any CPU
		{893A99F4-A00E-4D02-9FA0-DD6E16944D56}.Release|x86.Build.0 = Release|Any CPU
		{757C9D34-C912-4670-8227-85A594D80D59}.Debug|Any CPU.ActiveCfg = Debug|Any CPU
		{757C9D34-C912-4670-8227-85A594D80D59}.Debug|Any CPU.Build.0 = Debug|Any CPU
		{757C9D34-C912-4670-8227-85A594D80D59}.Debug|x64.ActiveCfg = Debug|Any CPU
		{757C9D34-C912-4670-8227-85A594D80D59}.Debug|x64.Build.0 = Debug|Any CPU
		{757C9D34-C912-4670-8227-85A594D80D59}.Debug|x86.ActiveCfg = Debug|Any CPU
		{757C9D34-C912-4670-8227-85A594D80D59}.Debug|x86.Build.0 = Debug|Any CPU
		{757C9D34-C912-4670-8227-85A594D80D59}.Release|Any CPU.ActiveCfg = Release|Any CPU
		{757C9D34-C912-4670-8227-85A594D80D59}.Release|Any CPU.Build.0 = Release|Any CPU
		{757C9D34-C912-4670-8227-85A594D80D59}.Release|x64.ActiveCfg = Release|Any CPU
		{757C9D34-C912-4670-8227-85A594D80D59}.Release|x64.Build.0 = Release|Any CPU
		{757C9D34-C912-4670-8227-85A594D80D59}.Release|x86.ActiveCfg = Release|Any CPU
		{757C9D34-C912-4670-8227-85A594D80D59}.Release|x86.Build.0 = Release|Any CPU
	EndGlobalSection
	GlobalSection(SolutionProperties) = preSolution
		HideSolutionNode = FALSE
	EndGlobalSection
	GlobalSection(ExtensibilityGlobals) = postSolution
		SolutionGuid = {9933CFF9-0DB7-4B2B-A4C8-649673DFE063}
	EndGlobalSection
EndGlobal
